
Microsoft Visual Studio Solution File, Format Version 12.00
# Visual Studio 14
VisualStudioVersion = 14.0.25420.1
MinimumVisualStudioVersion = 10.0.40219.1
Project("{FAE04EC0-301F-11D3-BF4B-00C04F79EFBC}") = "NortEFConApp", "NortEFConApp\NortEFConApp.csproj", "{665B3338-BE11-40BD-A58F-C68E83A6A55E}"
EndProject
Project("{FAE04EC0-301F-11D3-BF4B-00C04F79EFBC}") = "AccountInheritanceEfConApp", "AccountInheritanceEfConApp\AccountInheritanceEfConApp.csproj", "{368CE84A-48ED-4E63-A1F0-52283AE36F5B}"
EndProject
Project("{FAE04EC0-301F-11D3-BF4B-00C04F79EFBC}") = "MultiTableToSingleTableConApp", "MultiTableToSingleTableConApp\MultiTableToSingleTableConApp.csproj", "{0FE242CD-5E5F-41C2-BF6F-2DE8CDA78AC6}"
EndProject
Project("{FAE04EC0-301F-11D3-BF4B-00C04F79EFBC}") = "ModuleFirstConApp", "ModuleFirstConApp\ModuleFirstConApp.csproj", "{697CE4E9-0EF9-435B-983B-3908B32800B6}"
EndProject
Global
	GlobalSection(SolutionConfigurationPlatforms) = preSolution
		Debug|Any CPU = Debug|Any CPU
		Release|Any CPU = Release|Any CPU
	EndGlobalSection
	GlobalSection(ProjectConfigurationPlatforms) = postSolution
		{665B3338-BE11-40BD-A58F-C68E83A6A55E}.Debug|Any CPU.ActiveCfg = Debug|Any CPU
		{665B3338-BE11-40BD-A58F-C68E83A6A55E}.Debug|Any CPU.Build.0 = Debug|Any CPU
		{665B3338-BE11-40BD-A58F-C68E83A6A55E}.Release|Any CPU.ActiveCfg = Release|Any CPU
		{665B3338-BE11-40BD-A58F-C68E83A6A55E}.Release|Any CPU.Build.0 = Release|Any CPU
		{368CE84A-48ED-4E63-A1F0-52283AE36F5B}.Debug|Any CPU.ActiveCfg = Debug|Any CPU
		{368CE84A-48ED-4E63-A1F0-52283AE36F5B}.Debug|Any CPU.Build.0 = Debug|Any CPU
		{368CE84A-48ED-4E63-A1F0-52283AE36F5B}.Release|Any CPU.ActiveCfg = Release|Any CPU
		{368CE84A-48ED-4E63-A1F0-52283AE36F5B}.Release|Any CPU.Build.0 = Release|Any CPU
		{0FE242CD-5E5F-41C2-BF6F-2DE8CDA78AC6}.Debug|Any CPU.ActiveCfg = Debug|Any CPU
		{0FE242CD-5E5F-41C2-BF6F-2DE8CDA78AC6}.Debug|Any CPU.Build.0 = Debug|Any CPU
		{0FE242CD-5E5F-41C2-BF6F-2DE8CDA78AC6}.Release|Any CPU.ActiveCfg = Release|Any CPU
		{0FE242CD-5E5F-41C2-BF6F-2DE8CDA78AC6}.Release|Any CPU.Build.0 = Release|Any CPU
		{697CE4E9-0EF9-435B-983B-3908B32800B6}.Debug|Any CPU.ActiveCfg = Debug|Any CPU
		{697CE4E9-0EF9-435B-983B-3908B32800B6}.Debug|Any CPU.Build.0 = Debug|Any CPU
		{697CE4E9-0EF9-435B-983B-3908B32800B6}.Release|Any CPU.ActiveCfg = Release|Any CPU
		{697CE4E9-0EF9-435B-983B-3908B32800B6}.Release|Any CPU.Build.0 = Release|Any CPU
	EndGlobalSection
	GlobalSection(SolutionProperties) = preSolution
		HideSolutionNode = FALSE
	EndGlobalSection
EndGlobal
